
Microsoft Visual Studio Solution File, Format Version 12.00
# Visual Studio Version 17
VisualStudioVersion = 17.8.34525.116
MinimumVisualStudioVersion = 10.0.40219.1
Project("{F184B08F-C81C-45F6-A57F-5ABD9991F28F}") = "Introduction to VB", "Introduction to VB\Introduction to VB.vbproj", "{45657945-760C-406E-9387-CD0193FF06BF}"
EndProject
Global
	GlobalSection(SolutionConfigurationPlatforms) = preSolution
		Debug|Any CPU = Debug|Any CPU
		Release|Any CPU = Release|Any CPU
	EndGlobalSection
	GlobalSection(ProjectConfigurationPlatforms) = postSolution
		{45657945-760C-406E-9387-CD0193FF06BF}.Debug|Any CPU.ActiveCfg = Debug|Any CPU
		{45657945-760C-406E-9387-CD0193FF06BF}.Debug|Any CPU.Build.0 = Debug|Any CPU
		{45657945-760C-406E-9387-CD0193FF06BF}.Release|Any CPU.ActiveCfg = Release|Any CPU
		{45657945-760C-406E-9387-CD0193FF06BF}.Release|Any CPU.Build.0 = Release|Any CPU
	EndGlobalSection
	GlobalSection(SolutionProperties) = preSolution
		HideSolutionNode = FALSE
	EndGlobalSection
	GlobalSection(ExtensibilityGlobals) = postSolution
		SolutionGuid = {115D529E-3E72-44C4-AF4C-91F2AC94DF9C}
	EndGlobalSection
EndGlobal
